
Microsoft Visual Studio Solution File, Format Version 12.00
# Visual Studio Version 17
VisualStudioVersion = 17.8.34330.188
MinimumVisualStudioVersion = 10.0.40219.1
Project("{888888A0-9F3D-457C-B088-3A5042F75D52}") = "FridaPython", "FridaPython\FridaPython.pyproj", "{43BC6D78-7244-426F-B95F-4725F76B6013}"
EndProject
Project("{9092AA53-FB77-4645-B42D-1CCCA6BD08BD}") = "AgentTypescript", "AgentTypescript\AgentTypescript.njsproj", "{4D045F3A-CD2A-48FE-AB0E-6A36270B78BA}"
EndProject
Project("{8BC9CEB8-8B4A-11D0-8D11-00A0C91BC942}") = "nativehook", "nativehook\nativehook.vcxproj", "{01CC7DF9-AB4F-4A6D-8914-027BD0D4B4C6}"
EndProject
Global
	GlobalSection(SolutionConfigurationPlatforms) = preSolution
		Debug|Any CPU = Debug|Any CPU
		Debug|ARM = Debug|ARM
		Debug|ARM64 = Debug|ARM64
		Debug|x64 = Debug|x64
		Debug|x86 = Debug|x86
		Release|Any CPU = Release|Any CPU
		Release|ARM = Release|ARM
		Release|ARM64 = Release|ARM64
		Release|x64 = Release|x64
		Release|x86 = Release|x86
	EndGlobalSection
	GlobalSection(ProjectConfigurationPlatforms) = postSolution
		{43BC6D78-7244-426F-B95F-4725F76B6013}.Debug|Any CPU.ActiveCfg = Debug|Any CPU
		{43BC6D78-7244-426F-B95F-4725F76B6013}.Debug|ARM.ActiveCfg = Debug|Any CPU
		{43BC6D78-7244-426F-B95F-4725F76B6013}.Debug|ARM64.ActiveCfg = Debug|Any CPU
		{43BC6D78-7244-426F-B95F-4725F76B6013}.Debug|x64.ActiveCfg = Debug|Any CPU
		{43BC6D78-7244-426F-B95F-4725F76B6013}.Debug|x86.ActiveCfg = Debug|Any CPU
		{43BC6D78-7244-426F-B95F-4725F76B6013}.Release|Any CPU.ActiveCfg = Release|Any CPU
		{43BC6D78-7244-426F-B95F-4725F76B6013}.Release|ARM.ActiveCfg = Release|Any CPU
		{43BC6D78-7244-426F-B95F-4725F76B6013}.Release|ARM64.ActiveCfg = Release|Any CPU
		{43BC6D78-7244-426F-B95F-4725F76B6013}.Release|x64.ActiveCfg = Release|Any CPU
		{43BC6D78-7244-426F-B95F-4725F76B6013}.Release|x86.ActiveCfg = Release|Any CPU
		{4D045F3A-CD2A-48FE-AB0E-6A36270B78BA}.Debug|Any CPU.ActiveCfg = Debug|Any CPU
		{4D045F3A-CD2A-48FE-AB0E-6A36270B78BA}.Debug|Any CPU.Build.0 = Debug|Any CPU
		{4D045F3A-CD2A-48FE-AB0E-6A36270B78BA}.Debug|ARM.ActiveCfg = Debug|Any CPU
		{4D045F3A-CD2A-48FE-AB0E-6A36270B78BA}.Debug|ARM.Build.0 = Debug|Any CPU
		{4D045F3A-CD2A-48FE-AB0E-6A36270B78BA}.Debug|ARM64.ActiveCfg = Debug|Any CPU
		{4D045F3A-CD2A-48FE-AB0E-6A36270B78BA}.Debug|ARM64.Build.0 = Debug|Any CPU
		{4D045F3A-CD2A-48FE-AB0E-6A36270B78BA}.Debug|x64.ActiveCfg = Debug|Any CPU
		{4D045F3A-CD2A-48FE-AB0E-6A36270B78BA}.Debug|x64.Build.0 = Debug|Any CPU
		{4D045F3A-CD2A-48FE-AB0E-6A36270B78BA}.Debug|x86.ActiveCfg = Debug|Any CPU
		{4D045F3A-CD2A-48FE-AB0E-6A36270B78BA}.Debug|x86.Build.0 = Debug|Any CPU
		{4D045F3A-CD2A-48FE-AB0E-6A36270B78BA}.Release|Any CPU.ActiveCfg = Release|Any CPU
		{4D045F3A-CD2A-48FE-AB0E-6A36270B78BA}.Release|Any CPU.Build.0 = Release|Any CPU
		{4D045F3A-CD2A-48FE-AB0E-6A36270B78BA}.Release|ARM.ActiveCfg = Release|Any CPU
		{4D045F3A-CD2A-48FE-AB0E-6A36270B78BA}.Release|ARM.Build.0 = Release|Any CPU
		{4D045F3A-CD2A-48FE-AB0E-6A36270B78BA}.Release|ARM64.ActiveCfg = Release|Any CPU
		{4D045F3A-CD2A-48FE-AB0E-6A36270B78BA}.Release|ARM64.Build.0 = Release|Any CPU
		{4D045F3A-CD2A-48FE-AB0E-6A36270B78BA}.Release|x64.ActiveCfg = Release|Any CPU
		{4D045F3A-CD2A-48FE-AB0E-6A36270B78BA}.Release|x64.Build.0 = Release|Any CPU
		{4D045F3A-CD2A-48FE-AB0E-6A36270B78BA}.Release|x86.ActiveCfg = Release|Any CPU
		{4D045F3A-CD2A-48FE-AB0E-6A36270B78BA}.Release|x86.Build.0 = Release|Any CPU
		{01CC7DF9-AB4F-4A6D-8914-027BD0D4B4C6}.Debug|Any CPU.ActiveCfg = Debug|x64
		{01CC7DF9-AB4F-4A6D-8914-027BD0D4B4C6}.Debug|Any CPU.Build.0 = Debug|x64
		{01CC7DF9-AB4F-4A6D-8914-027BD0D4B4C6}.Debug|ARM.ActiveCfg = Debug|ARM
		{01CC7DF9-AB4F-4A6D-8914-027BD0D4B4C6}.Debug|ARM.Build.0 = Debug|ARM
		{01CC7DF9-AB4F-4A6D-8914-027BD0D4B4C6}.Debug|ARM64.ActiveCfg = Debug|ARM64
		{01CC7DF9-AB4F-4A6D-8914-027BD0D4B4C6}.Debug|ARM64.Build.0 = Debug|ARM64
		{01CC7DF9-AB4F-4A6D-8914-027BD0D4B4C6}.Debug|x64.ActiveCfg = Debug|x64
		{01CC7DF9-AB4F-4A6D-8914-027BD0D4B4C6}.Debug|x64.Build.0 = Debug|x64
		{01CC7DF9-AB4F-4A6D-8914-027BD0D4B4C6}.Debug|x86.ActiveCfg = Debug|x86
		{01CC7DF9-AB4F-4A6D-8914-027BD0D4B4C6}.Debug|x86.Build.0 = Debug|x86
		{01CC7DF9-AB4F-4A6D-8914-027BD0D4B4C6}.Release|Any CPU.ActiveCfg = Release|x64
		{01CC7DF9-AB4F-4A6D-8914-027BD0D4B4C6}.Release|Any CPU.Build.0 = Release|x64
		{01CC7DF9-AB4F-4A6D-8914-027BD0D4B4C6}.Release|ARM.ActiveCfg = Release|ARM
		{01CC7DF9-AB4F-4A6D-8914-027BD0D4B4C6}.Release|ARM.Build.0 = Release|ARM
		{01CC7DF9-AB4F-4A6D-8914-027BD0D4B4C6}.Release|ARM64.ActiveCfg = Release|ARM64
		{01CC7DF9-AB4F-4A6D-8914-027BD0D4B4C6}.Release|ARM64.Build.0 = Release|ARM64
		{01CC7DF9-AB4F-4A6D-8914-027BD0D4B4C6}.Release|x64.ActiveCfg = Release|x64
		{01CC7DF9-AB4F-4A6D-8914-027BD0D4B4C6}.Release|x64.Build.0 = Release|x64
		{01CC7DF9-AB4F-4A6D-8914-027BD0D4B4C6}.Release|x86.ActiveCfg = Release|x86
		{01CC7DF9-AB4F-4A6D-8914-027BD0D4B4C6}.Release|x86.Build.0 = Release|x86
	EndGlobalSection
	GlobalSection(SolutionProperties) = preSolution
		HideSolutionNode = FALSE
	EndGlobalSection
	GlobalSection(ExtensibilityGlobals) = postSolution
		SolutionGuid = {B9EB1DD3-B5FA-43E4-B526-D44A86C61E82}
	EndGlobalSection
EndGlobal
